
Microsoft Visual Studio Solution File, Format Version 12.00
# Visual Studio Version 17
VisualStudioVersion = 17.11.35327.3
MinimumVisualStudioVersion = 10.0.40219.1
Project("{9A19103F-16F7-4668-BE54-9A1E7A4F7556}") = "ServicesGeneric", "ServicesGeneric\ServicesGeneric.csproj", "{2EF4614F-7A27-4F7A-978D-2BCCD4DEA441}"
EndProject
Project("{FAE04EC0-301F-11D3-BF4B-00C04F79EFBC}") = "CrudIdServiceDemo", "CrudIdServiceDemo\CrudIdServiceDemo.csproj", "{DBF15622-6B11-4E85-9BEC-DD328FA4321C}"
EndProject
Project("{FAE04EC0-301F-11D3-BF4B-00C04F79EFBC}") = "TestCrudIdService", "TestCrudIdService\TestCrudIdService.csproj", "{71E8067B-9DFA-43E8-811A-E072A6E485EB}"
EndProject
Global
	GlobalSection(SolutionConfigurationPlatforms) = preSolution
		Debug|Any CPU = Debug|Any CPU
		Release|Any CPU = Release|Any CPU
	EndGlobalSection
	GlobalSection(ProjectConfigurationPlatforms) = postSolution
		{2EF4614F-7A27-4F7A-978D-2BCCD4DEA441}.Debug|Any CPU.ActiveCfg = Debug|Any CPU
		{2EF4614F-7A27-4F7A-978D-2BCCD4DEA441}.Debug|Any CPU.Build.0 = Debug|Any CPU
		{2EF4614F-7A27-4F7A-978D-2BCCD4DEA441}.Release|Any CPU.ActiveCfg = Release|Any CPU
		{2EF4614F-7A27-4F7A-978D-2BCCD4DEA441}.Release|Any CPU.Build.0 = Release|Any CPU
		{DBF15622-6B11-4E85-9BEC-DD328FA4321C}.Debug|Any CPU.ActiveCfg = Debug|Any CPU
		{DBF15622-6B11-4E85-9BEC-DD328FA4321C}.Debug|Any CPU.Build.0 = Debug|Any CPU
		{DBF15622-6B11-4E85-9BEC-DD328FA4321C}.Release|Any CPU.ActiveCfg = Release|Any CPU
		{DBF15622-6B11-4E85-9BEC-DD328FA4321C}.Release|Any CPU.Build.0 = Release|Any CPU
		{71E8067B-9DFA-43E8-811A-E072A6E485EB}.Debug|Any CPU.ActiveCfg = Debug|Any CPU
		{71E8067B-9DFA-43E8-811A-E072A6E485EB}.Debug|Any CPU.Build.0 = Debug|Any CPU
		{71E8067B-9DFA-43E8-811A-E072A6E485EB}.Release|Any CPU.ActiveCfg = Release|Any CPU
		{71E8067B-9DFA-43E8-811A-E072A6E485EB}.Release|Any CPU.Build.0 = Release|Any CPU
	EndGlobalSection
	GlobalSection(SolutionProperties) = preSolution
		HideSolutionNode = FALSE
	EndGlobalSection
	GlobalSection(ExtensibilityGlobals) = postSolution
		SolutionGuid = {9BE9B15F-D0F5-4D5A-8883-056C86D25EB6}
	EndGlobalSection
EndGlobal
